
Microsoft Visual Studio Solution File, Format Version 12.00
# Visual Studio Version 17
VisualStudioVersion = 17.7.34221.43
MinimumVisualStudioVersion = 10.0.40219.1
Project("{9A19103F-16F7-4668-BE54-9A1E7A4F7556}") = "RevitWPFAddinTemplate", "RevitWPFAddinTemplate.csproj", "{ACA5F9EC-4C7F-400F-8EDD-DFFDCB733C20}"
EndProject
Global
	GlobalSection(SolutionConfigurationPlatforms) = preSolution
		Debug|Any CPU = Debug|Any CPU
		Release|Any CPU = Release|Any CPU
	EndGlobalSection
	GlobalSection(ProjectConfigurationPlatforms) = postSolution
		{ACA5F9EC-4C7F-400F-8EDD-DFFDCB733C20}.Debug|Any CPU.ActiveCfg = Debug|Any CPU
		{ACA5F9EC-4C7F-400F-8EDD-DFFDCB733C20}.Debug|Any CPU.Build.0 = Debug|Any CPU
		{ACA5F9EC-4C7F-400F-8EDD-DFFDCB733C20}.Release|Any CPU.ActiveCfg = Release|Any CPU
		{ACA5F9EC-4C7F-400F-8EDD-DFFDCB733C20}.Release|Any CPU.Build.0 = Release|Any CPU
	EndGlobalSection
	GlobalSection(SolutionProperties) = preSolution
		HideSolutionNode = FALSE
	EndGlobalSection
	GlobalSection(ExtensibilityGlobals) = postSolution
		SolutionGuid = {C828F8AB-ECBA-4504-917F-013F44BAED4B}
	EndGlobalSection
EndGlobal
